
Microsoft Visual Studio Solution File, Format Version 12.00
# Visual Studio Version 17
VisualStudioVersion = 17.7.34018.315
MinimumVisualStudioVersion = 10.0.40219.1
Project("{FAE04EC0-301F-11D3-BF4B-00C04F79EFBC}") = "ProductTable", "ProductTable\ProductTable.csproj", "{E5DFBA84-7C88-4F6C-952E-79436F50F819}"
EndProject
Global
	GlobalSection(SolutionConfigurationPlatforms) = preSolution
		Debug|Any CPU = Debug|Any CPU
		Release|Any CPU = Release|Any CPU
	EndGlobalSection
	GlobalSection(ProjectConfigurationPlatforms) = postSolution
		{E5DFBA84-7C88-4F6C-952E-79436F50F819}.Debug|Any CPU.ActiveCfg = Debug|Any CPU
		{E5DFBA84-7C88-4F6C-952E-79436F50F819}.Debug|Any CPU.Build.0 = Debug|Any CPU
		{E5DFBA84-7C88-4F6C-952E-79436F50F819}.Release|Any CPU.ActiveCfg = Release|Any CPU
		{E5DFBA84-7C88-4F6C-952E-79436F50F819}.Release|Any CPU.Build.0 = Release|Any CPU
	EndGlobalSection
	GlobalSection(SolutionProperties) = preSolution
		HideSolutionNode = FALSE
	EndGlobalSection
	GlobalSection(ExtensibilityGlobals) = postSolution
		SolutionGuid = {18E7F8EA-BF75-4D3F-BEE4-8C8DADB45F0E}
	EndGlobalSection
EndGlobal
